
Microsoft Visual Studio Solution File, Format Version 11.00
# Visual Studio 2010
Project("{FAE04EC0-301F-11D3-BF4B-00C04F79EFBC}") = "BaiduARUnitySDKExample", "Assembly-CSharp.csproj", "{DC1B56CE-FE09-1FFC-32E3-82EF18583DE8}"
EndProject
Project("{FAE04EC0-301F-11D3-BF4B-00C04F79EFBC}") = "BaiduARUnitySDKExample", "Assembly-CSharp-Editor.csproj", "{1A8CED44-629E-5F9C-FDAD-F71667236E79}"
EndProject
Global
	GlobalSection(SolutionConfigurationPlatforms) = preSolution
		Debug|Any CPU = Debug|Any CPU
		Release|Any CPU = Release|Any CPU
	EndGlobalSection
	GlobalSection(ProjectConfigurationPlatforms) = postSolution
		{DC1B56CE-FE09-1FFC-32E3-82EF18583DE8}.Debug|Any CPU.ActiveCfg = Debug|Any CPU
		{DC1B56CE-FE09-1FFC-32E3-82EF18583DE8}.Debug|Any CPU.Build.0 = Debug|Any CPU
		{DC1B56CE-FE09-1FFC-32E3-82EF18583DE8}.Release|Any CPU.ActiveCfg = Release|Any CPU
		{DC1B56CE-FE09-1FFC-32E3-82EF18583DE8}.Release|Any CPU.Build.0 = Release|Any CPU
		{1A8CED44-629E-5F9C-FDAD-F71667236E79}.Debug|Any CPU.ActiveCfg = Debug|Any CPU
		{1A8CED44-629E-5F9C-FDAD-F71667236E79}.Debug|Any CPU.Build.0 = Debug|Any CPU
		{1A8CED44-629E-5F9C-FDAD-F71667236E79}.Release|Any CPU.ActiveCfg = Release|Any CPU
		{1A8CED44-629E-5F9C-FDAD-F71667236E79}.Release|Any CPU.Build.0 = Release|Any CPU
	EndGlobalSection
	GlobalSection(SolutionProperties) = preSolution
		HideSolutionNode = FALSE
	EndGlobalSection
	GlobalSection(MonoDevelopProperties) = preSolution
		StartupItem = Assembly-CSharp.csproj
	EndGlobalSection
EndGlobal
